
Microsoft Visual Studio Solution File, Format Version 12.00
# Visual Studio Version 17
VisualStudioVersion = 17.11.35222.181
MinimumVisualStudioVersion = 10.0.40219.1
Project("{FAE04EC0-301F-11D3-BF4B-00C04F79EFBC}") = "CinemaApi", "CinemaApi\CinemaApi.csproj", "{A92B07F5-2ABB-4FCC-AB1F-907D9E859EFD}"
EndProject
Global
	GlobalSection(SolutionConfigurationPlatforms) = preSolution
		Debug|Any CPU = Debug|Any CPU
		Release|Any CPU = Release|Any CPU
	EndGlobalSection
	GlobalSection(ProjectConfigurationPlatforms) = postSolution
		{A92B07F5-2ABB-4FCC-AB1F-907D9E859EFD}.Debug|Any CPU.ActiveCfg = Debug|Any CPU
		{A92B07F5-2ABB-4FCC-AB1F-907D9E859EFD}.Debug|Any CPU.Build.0 = Debug|Any CPU
		{A92B07F5-2ABB-4FCC-AB1F-907D9E859EFD}.Release|Any CPU.ActiveCfg = Release|Any CPU
		{A92B07F5-2ABB-4FCC-AB1F-907D9E859EFD}.Release|Any CPU.Build.0 = Release|Any CPU
	EndGlobalSection
	GlobalSection(SolutionProperties) = preSolution
		HideSolutionNode = FALSE
	EndGlobalSection
	GlobalSection(ExtensibilityGlobals) = postSolution
		SolutionGuid = {47877EE3-664A-4D45-BB71-3CB9486A82D8}
	EndGlobalSection
EndGlobal
